
Microsoft Visual Studio Solution File, Format Version 12.00
# Visual Studio Version 17
VisualStudioVersion = 17.7.34031.279
MinimumVisualStudioVersion = 10.0.40219.1
Project("{FAE04EC0-301F-11D3-BF4B-00C04F79EFBC}") = "CrudKARYAWAN", "CrudKARYAWAN.csproj", "{389C8B20-2729-4C5E-86EE-F1B6264D52D8}"
EndProject
Global
	GlobalSection(SolutionConfigurationPlatforms) = preSolution
		Debug|Any CPU = Debug|Any CPU
		Release|Any CPU = Release|Any CPU
	EndGlobalSection
	GlobalSection(ProjectConfigurationPlatforms) = postSolution
		{389C8B20-2729-4C5E-86EE-F1B6264D52D8}.Debug|Any CPU.ActiveCfg = Debug|Any CPU
		{389C8B20-2729-4C5E-86EE-F1B6264D52D8}.Debug|Any CPU.Build.0 = Debug|Any CPU
		{389C8B20-2729-4C5E-86EE-F1B6264D52D8}.Release|Any CPU.ActiveCfg = Release|Any CPU
		{389C8B20-2729-4C5E-86EE-F1B6264D52D8}.Release|Any CPU.Build.0 = Release|Any CPU
	EndGlobalSection
	GlobalSection(SolutionProperties) = preSolution
		HideSolutionNode = FALSE
	EndGlobalSection
	GlobalSection(ExtensibilityGlobals) = postSolution
		SolutionGuid = {FA24513E-CF00-4FB2-99C0-77C302F8D007}
	EndGlobalSection
EndGlobal
